
Microsoft Visual Studio Solution File, Format Version 12.00
# Visual Studio Version 17
VisualStudioVersion = 17.2.32630.192
MinimumVisualStudioVersion = 10.0.40219.1
Project("{FAE04EC0-301F-11D3-BF4B-00C04F79EFBC}") = "WcfPoc", "WcfPoc\WcfPoc.csproj", "{BFFD9896-590F-4A4A-9BB6-ED96CF523C1C}"
EndProject
Global
	GlobalSection(SolutionConfigurationPlatforms) = preSolution
		Debug|Any CPU = Debug|Any CPU
		Release|Any CPU = Release|Any CPU
	EndGlobalSection
	GlobalSection(ProjectConfigurationPlatforms) = postSolution
		{BFFD9896-590F-4A4A-9BB6-ED96CF523C1C}.Debug|Any CPU.ActiveCfg = Debug|Any CPU
		{BFFD9896-590F-4A4A-9BB6-ED96CF523C1C}.Debug|Any CPU.Build.0 = Debug|Any CPU
		{BFFD9896-590F-4A4A-9BB6-ED96CF523C1C}.Release|Any CPU.ActiveCfg = Release|Any CPU
		{BFFD9896-590F-4A4A-9BB6-ED96CF523C1C}.Release|Any CPU.Build.0 = Release|Any CPU
	EndGlobalSection
	GlobalSection(SolutionProperties) = preSolution
		HideSolutionNode = FALSE
	EndGlobalSection
	GlobalSection(ExtensibilityGlobals) = postSolution
		SolutionGuid = {AAC11C8E-D173-4E53-80F1-603DB889144F}
	EndGlobalSection
EndGlobal
